
Microsoft Visual Studio Solution File, Format Version 12.00
# Visual Studio 15
VisualStudioVersion = 15.0.27130.2027
MinimumVisualStudioVersion = 10.0.40219.1
Project("{8BC9CEB8-8B4A-11D0-8D11-00A0C91BC942}") = "C++_Array_V1", "C++_Array_V1\C++_Array_V1.vcxproj", "{3FB9EE10-91EB-44CC-BB1E-A28C91EF2D52}"
EndProject
Global
	GlobalSection(SolutionConfigurationPlatforms) = preSolution
		Debug|x64 = Debug|x64
		Debug|x86 = Debug|x86
		Release|x64 = Release|x64
		Release|x86 = Release|x86
	EndGlobalSection
	GlobalSection(ProjectConfigurationPlatforms) = postSolution
		{3FB9EE10-91EB-44CC-BB1E-A28C91EF2D52}.Debug|x64.ActiveCfg = Debug|x64
		{3FB9EE10-91EB-44CC-BB1E-A28C91EF2D52}.Debug|x64.Build.0 = Debug|x64
		{3FB9EE10-91EB-44CC-BB1E-A28C91EF2D52}.Debug|x86.ActiveCfg = Debug|Win32
		{3FB9EE10-91EB-44CC-BB1E-A28C91EF2D52}.Debug|x86.Build.0 = Debug|Win32
		{3FB9EE10-91EB-44CC-BB1E-A28C91EF2D52}.Release|x64.ActiveCfg = Release|x64
		{3FB9EE10-91EB-44CC-BB1E-A28C91EF2D52}.Release|x64.Build.0 = Release|x64
		{3FB9EE10-91EB-44CC-BB1E-A28C91EF2D52}.Release|x86.ActiveCfg = Release|Win32
		{3FB9EE10-91EB-44CC-BB1E-A28C91EF2D52}.Release|x86.Build.0 = Release|Win32
	EndGlobalSection
	GlobalSection(SolutionProperties) = preSolution
		HideSolutionNode = FALSE
	EndGlobalSection
	GlobalSection(ExtensibilityGlobals) = postSolution
		SolutionGuid = {86627425-2D02-47AC-A179-E772CC612A7D}
	EndGlobalSection
EndGlobal
